// !$*UTF8*$!
{
	archiveVersion = 1;
	classes = {
	};
	objectVersion = 55;
	objects = {

/* Begin PBXBuildFile section */
		C75D4004269C0089002E98CD /* TestAsyncApp.swift in Sources */ = {isa = PBXBuildFile; fileRef = C75D3FF6269C0088002E98CD /* TestAsyncApp.swift */; };
		C75D4005269C0089002E98CD /* TestAsyncApp.swift in Sources */ = {isa = PBXBuildFile; fileRef = C75D3FF6269C0088002E98CD /* TestAsyncApp.swift */; };
		C75D4006269C0089002E98CD /* ContentView.swift in Sources */ = {isa = PBXBuildFile; fileRef = C75D3FF7269C0088002E98CD /* ContentView.swift */; };
		C75D4007269C0089002E98CD /* ContentView.swift in Sources */ = {isa = PBXBuildFile; fileRef = C75D3FF7269C0088002E98CD /* ContentView.swift */; };
		C75D4008269C0089002E98CD /* Assets.xcassets in Resources */ = {isa = PBXBuildFile; fileRef = C75D3FF8269C0089002E98CD /* Assets.xcassets */; };
		C75D4009269C0089002E98CD /* Assets.xcassets in Resources */ = {isa = PBXBuildFile; fileRef = C75D3FF8269C0089002E98CD /* Assets.xcassets */; };
/* End PBXBuildFile section */

/* Begin PBXFileReference section */
		C728BCEB269C01460027BD3F /* TestAsync--iOS--Info.plist */ = {isa = PBXFileReference; lastKnownFileType = text.plist; path = "TestAsync--iOS--Info.plist"; sourceTree = "<group>"; };
		C728BCEC269C01940027BD3F /* TestAsync--macOS--Info.plist */ = {isa = PBXFileReference; lastKnownFileType = text.plist; path = "TestAsync--macOS--Info.plist"; sourceTree = "<group>"; };
		C75D3FF6269C0088002E98CD /* TestAsyncApp.swift */ = {isa = PBXFileReference; lastKnownFileType = sourcecode.swift; path = TestAsyncApp.swift; sourceTree = "<group>"; };
		C75D3FF7269C0088002E98CD /* ContentView.swift */ = {isa = PBXFileReference; lastKnownFileType = sourcecode.swift; path = ContentView.swift; sourceTree = "<group>"; };
		C75D3FF8269C0089002E98CD /* Assets.xcassets */ = {isa = PBXFileReference; lastKnownFileType = folder.assetcatalog; path = Assets.xcassets; sourceTree = "<group>"; };
		C75D3FFD269C0089002E98CD /* TestAsync.app */ = {isa = PBXFileReference; explicitFileType = wrapper.application; includeInIndex = 0; path = TestAsync.app; sourceTree = BUILT_PRODUCTS_DIR; };
		C75D4003269C0089002E98CD /* TestAsync.app */ = {isa = PBXFileReference; explicitFileType = wrapper.application; includeInIndex = 0; path = TestAsync.app; sourceTree = BUILT_PRODUCTS_DIR; };
		C75D4012269C00A3002E98CD /* TestAsync.entitlements */ = {isa = PBXFileReference; lastKnownFileType = text.plist.entitlements; path = TestAsync.entitlements; sourceTree = "<group>"; };
/* End PBXFileReference section */

/* Begin PBXFrameworksBuildPhase section */
		C75D3FFA269C0089002E98CD /* Frameworks */ = {
			isa = PBXFrameworksBuildPhase;
			buildActionMask = 2147483647;
			files = (
			);
			runOnlyForDeploymentPostprocessing = 0;
		};
		C75D4000269C0089002E98CD /* Frameworks */ = {
			isa = PBXFrameworksBuildPhase;
			buildActionMask = 2147483647;
			files = (
			);
			runOnlyForDeploymentPostprocessing = 0;
		};
/* End PBXFrameworksBuildPhase section */

/* Begin PBXGroup section */
		C75D3FF0269C0087002E98CD = {
			isa = PBXGroup;
			children = (
				C728BCEC269C01940027BD3F /* TestAsync--macOS--Info.plist */,
				C728BCEB269C01460027BD3F /* TestAsync--iOS--Info.plist */,
				C75D4012269C00A3002E98CD /* TestAsync.entitlements */,
				C75D3FF5269C0088002E98CD /* Shared */,
				C75D3FFE269C0089002E98CD /* Products */,
			);
			sourceTree = "<group>";
		};
		C75D3FF5269C0088002E98CD /* Shared */ = {
			isa = PBXGroup;
			children = (
				C75D3FF6269C0088002E98CD /* TestAsyncApp.swift */,
				C75D3FF7269C0088002E98CD /* ContentView.swift */,
				C75D3FF8269C0089002E98CD /* Assets.xcassets */,
			);
			path = Shared;
			sourceTree = "<group>";
		};
		C75D3FFE269C0089002E98CD /* Products */ = {
			isa = PBXGroup;
			children = (
				C75D3FFD269C0089002E98CD /* TestAsync.app */,
				C75D4003269C0089002E98CD /* TestAsync.app */,
			);
			name = Products;
			sourceTree = "<group>";
		};
/* End PBXGroup section */

/* Begin PBXNativeTarget section */
		C75D3FFC269C0089002E98CD /* TestAsync (iOS) */ = {
			isa = PBXNativeTarget;
			buildConfigurationList = C75D400C269C0089002E98CD /* Build configuration list for PBXNativeTarget "TestAsync (iOS)" */;
			buildPhases = (
				C75D3FF9269C0089002E98CD /* Sources */,
				C75D3FFA269C0089002E98CD /* Frameworks */,
				C75D3FFB269C0089002E98CD /* Resources */,
			);
			buildRules = (
			);
			dependencies = (
			);
			name = "TestAsync (iOS)";
			productName = "TestAsync (iOS)";
			productReference = C75D3FFD269C0089002E98CD /* TestAsync.app */;
			productType = "com.apple.product-type.application";
		};
		C75D4002269C0089002E98CD /* TestAsync (macOS) */ = {
			isa = PBXNativeTarget;
			buildConfigurationList = C75D400F269C0089002E98CD /* Build configuration list for PBXNativeTarget "TestAsync (macOS)" */;
			buildPhases = (
				C75D3FFF269C0089002E98CD /* Sources */,
				C75D4000269C0089002E98CD /* Frameworks */,
				C75D4001269C0089002E98CD /* Resources */,
			);
			buildRules = (
			);
			dependencies = (
			);
			name = "TestAsync (macOS)";
			productName = "TestAsync (macOS)";
			productReference = C75D4003269C0089002E98CD /* TestAsync.app */;
			productType = "com.apple.product-type.application";
		};
/* End PBXNativeTarget section */

/* Begin PBXProject section */
		C75D3FF1269C0087002E98CD /* Project object */ = {
			isa = PBXProject;
			attributes = {
				BuildIndependentTargetsInParallel = 1;
				LastSwiftUpdateCheck = 1300;
				LastUpgradeCheck = 1300;
				TargetAttributes = {
					C75D3FFC269C0089002E98CD = {
						CreatedOnToolsVersion = 13.0;
					};
					C75D4002269C0089002E98CD = {
						CreatedOnToolsVersion = 13.0;
					};
				};
			};
			buildConfigurationList = C75D3FF4269C0087002E98CD /* Build configuration list for PBXProject "TestAsync" */;
			compatibilityVersion = "Xcode 13.0";
			developmentRegion = en;
			hasScannedForEncodings = 0;
			knownRegions = (
				en,
				Base,
			);
			mainGroup = C75D3FF0269C0087002E98CD;
			productRefGroup = C75D3FFE269C0089002E98CD /* Products */;
			projectDirPath = "";
			projectRoot = "";
			targets = (
				C75D3FFC269C0089002E98CD /* TestAsync (iOS) */,
				C75D4002269C0089002E98CD /* TestAsync (macOS) */,
			);
		};
/* End PBXProject section */

/* Begin PBXResourcesBuildPhase section */
		C75D3FFB269C0089002E98CD /* Resources */ = {
			isa = PBXResourcesBuildPhase;
			buildActionMask = 2147483647;
			files = (
				C75D4008269C0089002E98CD /* Assets.xcassets in Resources */,
			);
			runOnlyForDeploymentPostprocessing = 0;
		};
		C75D4001269C0089002E98CD /* Resources */ = {
			isa = PBXResourcesBuildPhase;
			buildActionMask = 2147483647;
			files = (
				C75D4009269C0089002E98CD /* Assets.xcassets in Resources */,
			);
			runOnlyForDeploymentPostprocessing = 0;
		};
/* End PBXResourcesBuildPhase section */

/* Begin PBXSourcesBuildPhase section */
		C75D3FF9269C0089002E98CD /* Sources */ = {
			isa = PBXSourcesBuildPhase;
			buildActionMask = 2147483647;
			files = (
				C75D4006269C0089002E98CD /* ContentView.swift in Sources */,
				C75D4004269C0089002E98CD /* TestAsyncApp.swift in Sources */,
			);
			runOnlyForDeploymentPostprocessing = 0;
		};
		C75D3FFF269C0089002E98CD /* Sources */ = {
			isa = PBXSourcesBuildPhase;
			buildActionMask = 2147483647;
			files = (
				C75D4007269C0089002E98CD /* ContentView.swift in Sources */,
				C75D4005269C0089002E98CD /* TestAsyncApp.swift in Sources */,
			);
			runOnlyForDeploymentPostprocessing = 0;
		};
/* End PBXSourcesBuildPhase section */

/* Begin XCBuildConfiguration section */
		C75D400A269C0089002E98CD /* Debug */ = {
			isa = XCBuildConfiguration;
			buildSettings = {
				ALWAYS_SEARCH_USER_PATHS = NO;
				CLANG_ANALYZER_NONNULL = YES;
				CLANG_ANALYZER_NUMBER_OBJECT_CONVERSION = YES_AGGRESSIVE;
				CLANG_CXX_LANGUAGE_STANDARD = "gnu++14";
				CLANG_CXX_LIBRARY = "libc++";
				CLANG_ENABLE_MODULES = YES;
				CLANG_ENABLE_OBJC_ARC = YES;
				CLANG_ENABLE_OBJC_WEAK = YES;
				CLANG_WARN_BLOCK_CAPTURE_AUTORELEASING = YES;
				CLANG_WARN_BOOL_CONVERSION = YES;
				CLANG_WARN_COMMA = YES;
				CLANG_WARN_CONSTANT_CONVERSION = YES;
				CLANG_WARN_DEPRECATED_OBJC_IMPLEMENTATIONS = YES;
				CLANG_WARN_DIRECT_OBJC_ISA_USAGE = YES_ERROR;
				CLANG_WARN_DOCUMENTATION_COMMENTS = YES;
				CLANG_WARN_EMPTY_BODY = YES;
				CLANG_WARN_ENUM_CONVERSION = YES;
				CLANG_WARN_INFINITE_RECURSION = YES;
				CLANG_WARN_INT_CONVERSION = YES;
				CLANG_WARN_NON_LITERAL_NULL_CONVERSION = YES;
				CLANG_WARN_OBJC_IMPLICIT_RETAIN_SELF = YES;
				CLANG_WARN_OBJC_LITERAL_CONVERSION = YES;
				CLANG_WARN_OBJC_ROOT_CLASS = YES_ERROR;
				CLANG_WARN_QUOTED_INCLUDE_IN_FRAMEWORK_HEADER = YES;
				CLANG_WARN_RANGE_LOOP_ANALYSIS = YES;
				CLANG_WARN_STRICT_PROTOTYPES = YES;
				CLANG_WARN_SUSPICIOUS_MOVE = YES;
				CLANG_WARN_UNGUARDED_AVAILABILITY = YES_AGGRESSIVE;
				CLANG_WARN_UNREACHABLE_CODE = YES;
				CLANG_WARN__DUPLICATE_METHOD_MATCH = YES;
				COPY_PHASE_STRIP = NO;
				DEBUG_INFORMATION_FORMAT = dwarf;
				ENABLE_STRICT_OBJC_MSGSEND = YES;
				ENABLE_TESTABILITY = YES;
				GCC_C_LANGUAGE_STANDARD = gnu11;
				GCC_DYNAMIC_NO_PIC = NO;
				GCC_NO_COMMON_BLOCKS = YES;
				GCC_OPTIMIZATION_LEVEL = 0;
				GCC_PREPROCESSOR_DEFINITIONS = (
					"DEBUG=1",
					"$(inherited)",
				);
				GCC_WARN_64_TO_32_BIT_CONVERSION = YES;
				GCC_WARN_ABOUT_RETURN_TYPE = YES_ERROR;
				GCC_WARN_UNDECLARED_SELECTOR = YES;
				GCC_WARN_UNINITIALIZED_AUTOS = YES_AGGRESSIVE;
				GCC_WARN_UNUSED_FUNCTION = YES;
				GCC_WARN_UNUSED_VARIABLE = YES;
				IPHONEOS_DEPLOYMENT_TARGET = 15.0;
				MACOSX_DEPLOYMENT_TARGET = 12.0;
				MTL_ENABLE_DEBUG_INFO = INCLUDE_SOURCE;
				MTL_FAST_MATH = YES;
				ONLY_ACTIVE_ARCH = YES;
				SWIFT_ACTIVE_COMPILATION_CONDITIONS = DEBUG;
				SWIFT_OPTIMIZATION_LEVEL = "-Onone";
			};
			name = Debug;
		};
		C75D400B269C0089002E98CD /* Release */ = {
			isa = XCBuildConfiguration;
			buildSettings = {
				ALWAYS_SEARCH_USER_PATHS = NO;
				CLANG_ANALYZER_NONNULL = YES;
				CLANG_ANALYZER_NUMBER_OBJECT_CONVERSION = YES_AGGRESSIVE;
				CLANG_CXX_LANGUAGE_STANDARD = "gnu++14";
				CLANG_CXX_LIBRARY = "libc++";
				CLANG_ENABLE_MODULES = YES;
				CLANG_ENABLE_OBJC_ARC = YES;
				CLANG_ENABLE_OBJC_WEAK = YES;
				CLANG_WARN_BLOCK_CAPTURE_AUTORELEASING = YES;
				CLANG_WARN_BOOL_CONVERSION = YES;
				CLANG_WARN_COMMA = YES;
				CLANG_WARN_CONSTANT_CONVERSION = YES;
				CLANG_WARN_DEPRECATED_OBJC_IMPLEMENTATIONS = YES;
				CLANG_WARN_DIRECT_OBJC_ISA_USAGE = YES_ERROR;
				CLANG_WARN_DOCUMENTATION_COMMENTS = YES;
				CLANG_WARN_EMPTY_BODY = YES;
				CLANG_WARN_ENUM_CONVERSION = YES;
				CLANG_WARN_INFINITE_RECURSION = YES;
				CLANG_WARN_INT_CONVERSION = YES;
				CLANG_WARN_NON_LITERAL_NULL_CONVERSION = YES;
				CLANG_WARN_OBJC_IMPLICIT_RETAIN_SELF = YES;
				CLANG_WARN_OBJC_LITERAL_CONVERSION = YES;
				CLANG_WARN_OBJC_ROOT_CLASS = YES_ERROR;
				CLANG_WARN_QUOTED_INCLUDE_IN_FRAMEWORK_HEADER = YES;
				CLANG_WARN_RANGE_LOOP_ANALYSIS = YES;
				CLANG_WARN_STRICT_PROTOTYPES = YES;
				CLANG_WARN_SUSPICIOUS_MOVE = YES;
				CLANG_WARN_UNGUARDED_AVAILABILITY = YES_AGGRESSIVE;
				CLANG_WARN_UNREACHABLE_CODE = YES;
				CLANG_WARN__DUPLICATE_METHOD_MATCH = YES;
				COPY_PHASE_STRIP = NO;
				DEBUG_INFORMATION_FORMAT = "dwarf-with-dsym";
				ENABLE_NS_ASSERTIONS = NO;
				ENABLE_STRICT_OBJC_MSGSEND = YES;
				GCC_C_LANGUAGE_STANDARD = gnu11;
				GCC_NO_COMMON_BLOCKS = YES;
				GCC_WARN_64_TO_32_BIT_CONVERSION = YES;
				GCC_WARN_ABOUT_RETURN_TYPE = YES_ERROR;
				GCC_WARN_UNDECLARED_SELECTOR = YES;
				GCC_WARN_UNINITIALIZED_AUTOS = YES_AGGRESSIVE;
				GCC_WARN_UNUSED_FUNCTION = YES;
				GCC_WARN_UNUSED_VARIABLE = YES;
				IPHONEOS_DEPLOYMENT_TARGET = 15.0;
				MACOSX_DEPLOYMENT_TARGET = 12.0;
				MTL_ENABLE_DEBUG_INFO = NO;
				MTL_FAST_MATH = YES;
				SWIFT_COMPILATION_MODE = wholemodule;
				SWIFT_OPTIMIZATION_LEVEL = "-O";
			};
			name = Release;
		};
		C75D400D269C0089002E98CD /* Debug */ = {
			isa = XCBuildConfiguration;
			buildSettings = {
				ASSETCATALOG_COMPILER_APPICON_NAME = AppIcon;
				ASSETCATALOG_COMPILER_GLOBAL_ACCENT_COLOR_NAME = AccentColor;
				CODE_SIGN_ENTITLEMENTS = TestAsync.entitlements;
				CODE_SIGN_STYLE = Automatic;
				CURRENT_PROJECT_VERSION = 1;
				DEVELOPMENT_TEAM = N7KF5K7NET;
				ENABLE_PREVIEWS = YES;
				GENERATE_INFOPLIST_FILE = YES;
				INFOPLIST_FILE = "TestAsync--iOS--Info.plist";
				INFOPLIST_KEY_CFBundleExecutable = TestAsync;
				INFOPLIST_KEY_CFBundleName = TestAsync;
				INFOPLIST_KEY_CFBundleVersion = 1;
				INFOPLIST_KEY_UIApplicationSceneManifest_Generation = YES;
				INFOPLIST_KEY_UIApplicationSupportsIndirectInputEvents = YES;
				INFOPLIST_KEY_UILaunchScreen_Generation = YES;
				INFOPLIST_KEY_UISupportedInterfaceOrientations = "UIInterfaceOrientationPortrait UIInterfaceOrientationPortraitUpsideDown UIInterfaceOrientationLandscapeLeft UIInterfaceOrientationLandscapeRight";
				INFOPLIST_KEY_UISupportedInterfaceOrientations_iPad = "UIInterfaceOrientationPortrait UIInterfaceOrientationPortraitUpsideDown UIInterfaceOrientationLandscapeLeft UIInterfaceOrientationLandscapeRight";
				INFOPLIST_KEY_UISupportedInterfaceOrientations_iPhone = "UIInterfaceOrientationPortrait UIInterfaceOrientationLandscapeLeft UIInterfaceOrientationLandscapeRight";
				IPHONEOS_DEPLOYMENT_TARGET = 18.0;
				LD_RUNPATH_SEARCH_PATHS = (
					"$(inherited)",
					"@executable_path/Frameworks",
				);
				MARKETING_VERSION = 1.0;
				PRODUCT_BUNDLE_IDENTIFIER = ringo.com.TestAsync;
				PRODUCT_NAME = TestAsync;
				SDKROOT = iphoneos;
				SUPPORTS_MACCATALYST = YES;
				SWIFT_EMIT_LOC_STRINGS = YES;
				SWIFT_VERSION = 5.0;
				TARGETED_DEVICE_FAMILY = "1,2";
			};
			name = Debug;
		};
		C75D400E269C0089002E98CD /* Release */ = {
			isa = XCBuildConfiguration;
			buildSettings = {
				ASSETCATALOG_COMPILER_APPICON_NAME = AppIcon;
				ASSETCATALOG_COMPILER_GLOBAL_ACCENT_COLOR_NAME = AccentColor;
				CODE_SIGN_ENTITLEMENTS = TestAsync.entitlements;
				CODE_SIGN_STYLE = Automatic;
				CURRENT_PROJECT_VERSION = 1;
				DEVELOPMENT_TEAM = N7KF5K7NET;
				ENABLE_PREVIEWS = YES;
				GENERATE_INFOPLIST_FILE = YES;
				INFOPLIST_FILE = "TestAsync--iOS--Info.plist";
				INFOPLIST_KEY_CFBundleExecutable = TestAsync;
				INFOPLIST_KEY_CFBundleName = TestAsync;
				INFOPLIST_KEY_CFBundleVersion = 1;
				INFOPLIST_KEY_UIApplicationSceneManifest_Generation = YES;
				INFOPLIST_KEY_UIApplicationSupportsIndirectInputEvents = YES;
				INFOPLIST_KEY_UILaunchScreen_Generation = YES;
				INFOPLIST_KEY_UISupportedInterfaceOrientations = "UIInterfaceOrientationPortrait UIInterfaceOrientationPortraitUpsideDown UIInterfaceOrientationLandscapeLeft UIInterfaceOrientationLandscapeRight";
				INFOPLIST_KEY_UISupportedInterfaceOrientations_iPad = "UIInterfaceOrientationPortrait UIInterfaceOrientationPortraitUpsideDown UIInterfaceOrientationLandscapeLeft UIInterfaceOrientationLandscapeRight";
				INFOPLIST_KEY_UISupportedInterfaceOrientations_iPhone = "UIInterfaceOrientationPortrait UIInterfaceOrientationLandscapeLeft UIInterfaceOrientationLandscapeRight";
				IPHONEOS_DEPLOYMENT_TARGET = 18.0;
				LD_RUNPATH_SEARCH_PATHS = (
					"$(inherited)",
					"@executable_path/Frameworks",
				);
				MARKETING_VERSION = 1.0;
				PRODUCT_BUNDLE_IDENTIFIER = ringo.com.TestAsync;
				PRODUCT_NAME = TestAsync;
				SDKROOT = iphoneos;
				SUPPORTS_MACCATALYST = YES;
				SWIFT_EMIT_LOC_STRINGS = YES;
				SWIFT_VERSION = 5.0;
				TARGETED_DEVICE_FAMILY = "1,2";
				VALIDATE_PRODUCT = YES;
			};
			name = Release;
		};
		C75D4010269C0089002E98CD /* Debug */ = {
			isa = XCBuildConfiguration;
			buildSettings = {
				ASSETCATALOG_COMPILER_APPICON_NAME = AppIcon;
				ASSETCATALOG_COMPILER_GLOBAL_ACCENT_COLOR_NAME = AccentColor;
				CODE_SIGN_ENTITLEMENTS = TestAsync.entitlements;
				CODE_SIGN_STYLE = Automatic;
				COMBINE_HIDPI_IMAGES = YES;
				CURRENT_PROJECT_VERSION = 1;
				DEVELOPMENT_TEAM = N7KF5K7NET;
				ENABLE_APP_SANDBOX = YES;
				ENABLE_HARDENED_RUNTIME = YES;
				ENABLE_PREVIEWS = YES;
				ENABLE_USER_SELECTED_FILES = readonly;
				GENERATE_INFOPLIST_FILE = YES;
				INFOPLIST_FILE = "TestAsync--macOS--Info.plist";
				INFOPLIST_KEY_CFBundleExecutable = TestAsync;
				INFOPLIST_KEY_CFBundleName = TestAsync;
				INFOPLIST_KEY_CFBundleVersion = 1;
				INFOPLIST_KEY_NSHumanReadableCopyright = "";
				LD_RUNPATH_SEARCH_PATHS = (
					"$(inherited)",
					"@executable_path/../Frameworks",
				);
				MACOSX_DEPLOYMENT_TARGET = 15.0;
				MARKETING_VERSION = 1.0;
				PRODUCT_BUNDLE_IDENTIFIER = ringo.com.TestAsync;
				PRODUCT_NAME = TestAsync;
				SDKROOT = macosx;
				SWIFT_EMIT_LOC_STRINGS = YES;
				SWIFT_VERSION = 5.0;
			};
			name = Debug;
		};
		C75D4011269C0089002E98CD /* Release */ = {
			isa = XCBuildConfiguration;
			buildSettings = {
				ASSETCATALOG_COMPILER_APPICON_NAME = AppIcon;
				ASSETCATALOG_COMPILER_GLOBAL_ACCENT_COLOR_NAME = AccentColor;
				CODE_SIGN_ENTITLEMENTS = TestAsync.entitlements;
				CODE_SIGN_STYLE = Automatic;
				COMBINE_HIDPI_IMAGES = YES;
				CURRENT_PROJECT_VERSION = 1;
				DEVELOPMENT_TEAM = N7KF5K7NET;
				ENABLE_APP_SANDBOX = YES;
				ENABLE_HARDENED_RUNTIME = YES;
				ENABLE_PREVIEWS = YES;
				ENABLE_USER_SELECTED_FILES = readonly;
				GENERATE_INFOPLIST_FILE = YES;
				INFOPLIST_FILE = "TestAsync--macOS--Info.plist";
				INFOPLIST_KEY_CFBundleExecutable = TestAsync;
				INFOPLIST_KEY_CFBundleName = TestAsync;
				INFOPLIST_KEY_CFBundleVersion = 1;
				INFOPLIST_KEY_NSHumanReadableCopyright = "";
				LD_RUNPATH_SEARCH_PATHS = (
					"$(inherited)",
					"@executable_path/../Frameworks",
				);
				MACOSX_DEPLOYMENT_TARGET = 15.0;
				MARKETING_VERSION = 1.0;
				PRODUCT_BUNDLE_IDENTIFIER = ringo.com.TestAsync;
				PRODUCT_NAME = TestAsync;
				SDKROOT = macosx;
				SWIFT_EMIT_LOC_STRINGS = YES;
				SWIFT_VERSION = 5.0;
			};
			name = Release;
		};
/* End XCBuildConfiguration section */

/* Begin XCConfigurationList section */
		C75D3FF4269C0087002E98CD /* Build configuration list for PBXProject "TestAsync" */ = {
			isa = XCConfigurationList;
			buildConfigurations = (
				C75D400A269C0089002E98CD /* Debug */,
				C75D400B269C0089002E98CD /* Release */,
			);
			defaultConfigurationIsVisible = 0;
			defaultConfigurationName = Release;
		};
		C75D400C269C0089002E98CD /* Build configuration list for PBXNativeTarget "TestAsync (iOS)" */ = {
			isa = XCConfigurationList;
			buildConfigurations = (
				C75D400D269C0089002E98CD /* Debug */,
				C75D400E269C0089002E98CD /* Release */,
			);
			defaultConfigurationIsVisible = 0;
			defaultConfigurationName = Release;
		};
		C75D400F269C0089002E98CD /* Build configuration list for PBXNativeTarget "TestAsync (macOS)" */ = {
			isa = XCConfigurationList;
			buildConfigurations = (
				C75D4010269C0089002E98CD /* Debug */,
				C75D4011269C0089002E98CD /* Release */,
			);
			defaultConfigurationIsVisible = 0;
			defaultConfigurationName = Release;
		};
/* End XCConfigurationList section */
	};
	rootObject = C75D3FF1269C0087002E98CD /* Project object */;
}
